// !$*UTF8*$!
{
	archiveVersion = 1;
	classes = {
	};
	objectVersion = 46;
	objects = {

/* Begin PBXBuildFile section */
		7F2506E41FC5BB2100B96730 /* SelfieMapaViewController.swift in Sources */ = {isa = PBXBuildFile; fileRef = 7F2506E31FC5BB2100B96730 /* SelfieMapaViewController.swift */; };
		7F2506E61FC5BDF100B96730 /* Pin.swift in Sources */ = {isa = PBXBuildFile; fileRef = 7F2506E51FC5BDF100B96730 /* Pin.swift */; };
		7F753C5B1FB3540C007AB2FA /* AppDelegate.swift in Sources */ = {isa = PBXBuildFile; fileRef = 7F753C5A1FB3540C007AB2FA /* AppDelegate.swift */; };
		7F753C5D1FB3540C007AB2FA /* ViewController.swift in Sources */ = {isa = PBXBuildFile; fileRef = 7F753C5C1FB3540C007AB2FA /* ViewController.swift */; };
		7F753C601FB3540C007AB2FA /* Main.storyboard in Resources */ = {isa = PBXBuildFile; fileRef = 7F753C5E1FB3540C007AB2FA /* Main.storyboard */; };
		7F753C621FB3540C007AB2FA /* Assets.xcassets in Resources */ = {isa = PBXBuildFile; fileRef = 7F753C611FB3540C007AB2FA /* Assets.xcassets */; };
		7F753C651FB3540C007AB2FA /* LaunchScreen.storyboard in Resources */ = {isa = PBXBuildFile; fileRef = 7F753C631FB3540C007AB2FA /* LaunchScreen.storyboard */; };
		7F753C701FB3540C007AB2FA /* Project2Tests.swift in Sources */ = {isa = PBXBuildFile; fileRef = 7F753C6F1FB3540C007AB2FA /* Project2Tests.swift */; };
		7F753C7B1FB3540C007AB2FA /* Project2UITests.swift in Sources */ = {isa = PBXBuildFile; fileRef = 7F753C7A1FB3540C007AB2FA /* Project2UITests.swift */; };
		7F753C891FB358A0007AB2FA /* Selfie.swift in Sources */ = {isa = PBXBuildFile; fileRef = 7F753C881FB358A0007AB2FA /* Selfie.swift */; };
		7F753C8B1FB3597D007AB2FA /* SelfieTableViewController.swift in Sources */ = {isa = PBXBuildFile; fileRef = 7F753C8A1FB3597D007AB2FA /* SelfieTableViewController.swift */; };
		7F753C8D1FB359B4007AB2FA /* SelfieTableViewCell.swift in Sources */ = {isa = PBXBuildFile; fileRef = 7F753C8C1FB359B4007AB2FA /* SelfieTableViewCell.swift */; };
		7F753C8F1FB359F2007AB2FA /* SelfieViewController.swift in Sources */ = {isa = PBXBuildFile; fileRef = 7F753C8E1FB359F2007AB2FA /* SelfieViewController.swift */; };
/* End PBXBuildFile section */

/* Begin PBXContainerItemProxy section */
		7F753C6C1FB3540C007AB2FA /* PBXContainerItemProxy */ = {
			isa = PBXContainerItemProxy;
			containerPortal = 7F753C4F1FB3540C007AB2FA /* Project object */;
			proxyType = 1;
			remoteGlobalIDString = 7F753C561FB3540C007AB2FA;
			remoteInfo = Project2;
		};
		7F753C771FB3540C007AB2FA /* PBXContainerItemProxy */ = {
			isa = PBXContainerItemProxy;
			containerPortal = 7F753C4F1FB3540C007AB2FA /* Project object */;
			proxyType = 1;
			remoteGlobalIDString = 7F753C561FB3540C007AB2FA;
			remoteInfo = Project2;
		};
/* End PBXContainerItemProxy section */

/* Begin PBXFileReference section */
		7F2506E31FC5BB2100B96730 /* SelfieMapaViewController.swift */ = {isa = PBXFileReference; fileEncoding = 4; lastKnownFileType = sourcecode.swift; path = SelfieMapaViewController.swift; sourceTree = "<group>"; };
		7F2506E51FC5BDF100B96730 /* Pin.swift */ = {isa = PBXFileReference; fileEncoding = 4; lastKnownFileType = sourcecode.swift; path = Pin.swift; sourceTree = "<group>"; };
		7F753C571FB3540C007AB2FA /* Project2.app */ = {isa = PBXFileReference; explicitFileType = wrapper.application; includeInIndex = 0; path = Project2.app; sourceTree = BUILT_PRODUCTS_DIR; };
		7F753C5A1FB3540C007AB2FA /* AppDelegate.swift */ = {isa = PBXFileReference; lastKnownFileType = sourcecode.swift; path = AppDelegate.swift; sourceTree = "<group>"; };
		7F753C5C1FB3540C007AB2FA /* ViewController.swift */ = {isa = PBXFileReference; lastKnownFileType = sourcecode.swift; path = ViewController.swift; sourceTree = "<group>"; };
		7F753C5F1FB3540C007AB2FA /* Base */ = {isa = PBXFileReference; lastKnownFileType = file.storyboard; name = Base; path = Base.lproj/Main.storyboard; sourceTree = "<group>"; };
		7F753C611FB3540C007AB2FA /* Assets.xcassets */ = {isa = PBXFileReference; lastKnownFileType = folder.assetcatalog; path = Assets.xcassets; sourceTree = "<group>"; };
		7F753C641FB3540C007AB2FA /* Base */ = {isa = PBXFileReference; lastKnownFileType = file.storyboard; name = Base; path = Base.lproj/LaunchScreen.storyboard; sourceTree = "<group>"; };
		7F753C661FB3540C007AB2FA /* Info.plist */ = {isa = PBXFileReference; lastKnownFileType = text.plist.xml; path = Info.plist; sourceTree = "<group>"; };
		7F753C6B1FB3540C007AB2FA /* Project2Tests.xctest */ = {isa = PBXFileReference; explicitFileType = wrapper.cfbundle; includeInIndex = 0; path = Project2Tests.xctest; sourceTree = BUILT_PRODUCTS_DIR; };
		7F753C6F1FB3540C007AB2FA /* Project2Tests.swift */ = {isa = PBXFileReference; lastKnownFileType = sourcecode.swift; path = Project2Tests.swift; sourceTree = "<group>"; };
		7F753C711FB3540C007AB2FA /* Info.plist */ = {isa = PBXFileReference; lastKnownFileType = text.plist.xml; path = Info.plist; sourceTree = "<group>"; };
		7F753C761FB3540C007AB2FA /* Project2UITests.xctest */ = {isa = PBXFileReference; explicitFileType = wrapper.cfbundle; includeInIndex = 0; path = Project2UITests.xctest; sourceTree = BUILT_PRODUCTS_DIR; };
		7F753C7A1FB3540C007AB2FA /* Project2UITests.swift */ = {isa = PBXFileReference; lastKnownFileType = sourcecode.swift; path = Project2UITests.swift; sourceTree = "<group>"; };
		7F753C7C1FB3540C007AB2FA /* Info.plist */ = {isa = PBXFileReference; lastKnownFileType = text.plist.xml; path = Info.plist; sourceTree = "<group>"; };
		7F753C881FB358A0007AB2FA /* Selfie.swift */ = {isa = PBXFileReference; fileEncoding = 4; lastKnownFileType = sourcecode.swift; path = Selfie.swift; sourceTree = "<group>"; };
		7F753C8A1FB3597D007AB2FA /* SelfieTableViewController.swift */ = {isa = PBXFileReference; fileEncoding = 4; lastKnownFileType = sourcecode.swift; path = SelfieTableViewController.swift; sourceTree = "<group>"; };
		7F753C8C1FB359B4007AB2FA /* SelfieTableViewCell.swift */ = {isa = PBXFileReference; fileEncoding = 4; lastKnownFileType = sourcecode.swift; path = SelfieTableViewCell.swift; sourceTree = "<group>"; };
		7F753C8E1FB359F2007AB2FA /* SelfieViewController.swift */ = {isa = PBXFileReference; fileEncoding = 4; lastKnownFileType = sourcecode.swift; path = SelfieViewController.swift; sourceTree = "<group>"; };
/* End PBXFileReference section */

/* Begin PBXFrameworksBuildPhase section */
		7F753C541FB3540C007AB2FA /* Frameworks */ = {
			isa = PBXFrameworksBuildPhase;
			buildActionMask = 2147483647;
			files = (
			);
			runOnlyForDeploymentPostprocessing = 0;
		};
		7F753C681FB3540C007AB2FA /* Frameworks */ = {
			isa = PBXFrameworksBuildPhase;
			buildActionMask = 2147483647;
			files = (
			);
			runOnlyForDeploymentPostprocessing = 0;
		};
		7F753C731FB3540C007AB2FA /* Frameworks */ = {
			isa = PBXFrameworksBuildPhase;
			buildActionMask = 2147483647;
			files = (
			);
			runOnlyForDeploymentPostprocessing = 0;
		};
/* End PBXFrameworksBuildPhase section */

/* Begin PBXGroup section */
		7F753C4E1FB3540C007AB2FA = {
			isa = PBXGroup;
			children = (
				7F753C591FB3540C007AB2FA /* Project2 */,
				7F753C6E1FB3540C007AB2FA /* Project2Tests */,
				7F753C791FB3540C007AB2FA /* Project2UITests */,
				7F753C581FB3540C007AB2FA /* Products */,
			);
			sourceTree = "<group>";
		};
		7F753C581FB3540C007AB2FA /* Products */ = {
			isa = PBXGroup;
			children = (
				7F753C571FB3540C007AB2FA /* Project2.app */,
				7F753C6B1FB3540C007AB2FA /* Project2Tests.xctest */,
				7F753C761FB3540C007AB2FA /* Project2UITests.xctest */,
			);
			name = Products;
			sourceTree = "<group>";
		};
		7F753C591FB3540C007AB2FA /* Project2 */ = {
			isa = PBXGroup;
			children = (
				7F753C5A1FB3540C007AB2FA /* AppDelegate.swift */,
				7F753C5C1FB3540C007AB2FA /* ViewController.swift */,
				7F753C5E1FB3540C007AB2FA /* Main.storyboard */,
				7F753C611FB3540C007AB2FA /* Assets.xcassets */,
				7F753C631FB3540C007AB2FA /* LaunchScreen.storyboard */,
				7F753C661FB3540C007AB2FA /* Info.plist */,
				7F753C881FB358A0007AB2FA /* Selfie.swift */,
				7F753C8A1FB3597D007AB2FA /* SelfieTableViewController.swift */,
				7F753C8C1FB359B4007AB2FA /* SelfieTableViewCell.swift */,
				7F753C8E1FB359F2007AB2FA /* SelfieViewController.swift */,
				7F2506E31FC5BB2100B96730 /* SelfieMapaViewController.swift */,
				7F2506E51FC5BDF100B96730 /* Pin.swift */,
			);
			path = Project2;
			sourceTree = "<group>";
		};
		7F753C6E1FB3540C007AB2FA /* Project2Tests */ = {
			isa = PBXGroup;
			children = (
				7F753C6F1FB3540C007AB2FA /* Project2Tests.swift */,
				7F753C711FB3540C007AB2FA /* Info.plist */,
			);
			path = Project2Tests;
			sourceTree = "<group>";
		};
		7F753C791FB3540C007AB2FA /* Project2UITests */ = {
			isa = PBXGroup;
			children = (
				7F753C7A1FB3540C007AB2FA /* Project2UITests.swift */,
				7F753C7C1FB3540C007AB2FA /* Info.plist */,
			);
			path = Project2UITests;
			sourceTree = "<group>";
		};
/* End PBXGroup section */

/* Begin PBXNativeTarget section */
		7F753C561FB3540C007AB2FA /* Project2 */ = {
			isa = PBXNativeTarget;
			buildConfigurationList = 7F753C7F1FB3540C007AB2FA /* Build configuration list for PBXNativeTarget "Project2" */;
			buildPhases = (
				7F753C531FB3540C007AB2FA /* Sources */,
				7F753C541FB3540C007AB2FA /* Frameworks */,
				7F753C551FB3540C007AB2FA /* Resources */,
			);
			buildRules = (
			);
			dependencies = (
			);
			name = Project2;
			productName = Project2;
			productReference = 7F753C571FB3540C007AB2FA /* Project2.app */;
			productType = "com.apple.product-type.application";
		};
		7F753C6A1FB3540C007AB2FA /* Project2Tests */ = {
			isa = PBXNativeTarget;
			buildConfigurationList = 7F753C821FB3540C007AB2FA /* Build configuration list for PBXNativeTarget "Project2Tests" */;
			buildPhases = (
				7F753C671FB3540C007AB2FA /* Sources */,
				7F753C681FB3540C007AB2FA /* Frameworks */,
				7F753C691FB3540C007AB2FA /* Resources */,
			);
			buildRules = (
			);
			dependencies = (
				7F753C6D1FB3540C007AB2FA /* PBXTargetDependency */,
			);
			name = Project2Tests;
			productName = Project2Tests;
			productReference = 7F753C6B1FB3540C007AB2FA /* Project2Tests.xctest */;
			productType = "com.apple.product-type.bundle.unit-test";
		};
		7F753C751FB3540C007AB2FA /* Project2UITests */ = {
			isa = PBXNativeTarget;
			buildConfigurationList = 7F753C851FB3540C007AB2FA /* Build configuration list for PBXNativeTarget "Project2UITests" */;
			buildPhases = (
				7F753C721FB3540C007AB2FA /* Sources */,
				7F753C731FB3540C007AB2FA /* Frameworks */,
				7F753C741FB3540C007AB2FA /* Resources */,
			);
			buildRules = (
			);
			dependencies = (
				7F753C781FB3540C007AB2FA /* PBXTargetDependency */,
			);
			name = Project2UITests;
			productName = Project2UITests;
			productReference = 7F753C761FB3540C007AB2FA /* Project2UITests.xctest */;
			productType = "com.apple.product-type.bundle.ui-testing";
		};
/* End PBXNativeTarget section */

/* Begin PBXProject section */
		7F753C4F1FB3540C007AB2FA /* Project object */ = {
			isa = PBXProject;
			attributes = {
				LastSwiftUpdateCheck = 0830;
				LastUpgradeCheck = 0830;
				ORGANIZATIONNAME = "Alumno ITESM Toluca";
				TargetAttributes = {
					7F753C561FB3540C007AB2FA = {
						CreatedOnToolsVersion = 8.3.3;
						ProvisioningStyle = Automatic;
					};
					7F753C6A1FB3540C007AB2FA = {
						CreatedOnToolsVersion = 8.3.3;
						ProvisioningStyle = Automatic;
						TestTargetID = 7F753C561FB3540C007AB2FA;
					};
					7F753C751FB3540C007AB2FA = {
						CreatedOnToolsVersion = 8.3.3;
						ProvisioningStyle = Automatic;
						TestTargetID = 7F753C561FB3540C007AB2FA;
					};
				};
			};
			buildConfigurationList = 7F753C521FB3540C007AB2FA /* Build configuration list for PBXProject "Project2" */;
			compatibilityVersion = "Xcode 3.2";
			developmentRegion = English;
			hasScannedForEncodings = 0;
			knownRegions = (
				en,
				Base,
			);
			mainGroup = 7F753C4E1FB3540C007AB2FA;
			productRefGroup = 7F753C581FB3540C007AB2FA /* Products */;
			projectDirPath = "";
			projectRoot = "";
			targets = (
				7F753C561FB3540C007AB2FA /* Project2 */,
				7F753C6A1FB3540C007AB2FA /* Project2Tests */,
				7F753C751FB3540C007AB2FA /* Project2UITests */,
			);
		};
/* End PBXProject section */

/* Begin PBXResourcesBuildPhase section */
		7F753C551FB3540C007AB2FA /* Resources */ = {
			isa = PBXResourcesBuildPhase;
			buildActionMask = 2147483647;
			files = (
				7F753C651FB3540C007AB2FA /* LaunchScreen.storyboard in Resources */,
				7F753C621FB3540C007AB2FA /* Assets.xcassets in Resources */,
				7F753C601FB3540C007AB2FA /* Main.storyboard in Resources */,
			);
			runOnlyForDeploymentPostprocessing = 0;
		};
		7F753C691FB3540C007AB2FA /* Resources */ = {
			isa = PBXResourcesBuildPhase;
			buildActionMask = 2147483647;
			files = (
			);
			runOnlyForDeploymentPostprocessing = 0;
		};
		7F753C741FB3540C007AB2FA /* Resources */ = {
			isa = PBXResourcesBuildPhase;
			buildActionMask = 2147483647;
			files = (
			);
			runOnlyForDeploymentPostprocessing = 0;
		};
/* End PBXResourcesBuildPhase section */

/* Begin PBXSourcesBuildPhase section */
		7F753C531FB3540C007AB2FA /* Sources */ = {
			isa = PBXSourcesBuildPhase;
			buildActionMask = 2147483647;
			files = (
				7F753C8F1FB359F2007AB2FA /* SelfieViewController.swift in Sources */,
				7F753C5D1FB3540C007AB2FA /* ViewController.swift in Sources */,
				7F2506E41FC5BB2100B96730 /* SelfieMapaViewController.swift in Sources */,
				7F2506E61FC5BDF100B96730 /* Pin.swift in Sources */,
				7F753C8B1FB3597D007AB2FA /* SelfieTableViewController.swift in Sources */,
				7F753C5B1FB3540C007AB2FA /* AppDelegate.swift in Sources */,
				7F753C8D1FB359B4007AB2FA /* SelfieTableViewCell.swift in Sources */,
				7F753C891FB358A0007AB2FA /* Selfie.swift in Sources */,
			);
			runOnlyForDeploymentPostprocessing = 0;
		};
		7F753C671FB3540C007AB2FA /* Sources */ = {
			isa = PBXSourcesBuildPhase;
			buildActionMask = 2147483647;
			files = (
				7F753C701FB3540C007AB2FA /* Project2Tests.swift in Sources */,
			);
			runOnlyForDeploymentPostprocessing = 0;
		};
		7F753C721FB3540C007AB2FA /* Sources */ = {
			isa = PBXSourcesBuildPhase;
			buildActionMask = 2147483647;
			files = (
				7F753C7B1FB3540C007AB2FA /* Project2UITests.swift in Sources */,
			);
			runOnlyForDeploymentPostprocessing = 0;
		};
/* End PBXSourcesBuildPhase section */

/* Begin PBXTargetDependency section */
		7F753C6D1FB3540C007AB2FA /* PBXTargetDependency */ = {
			isa = PBXTargetDependency;
			target = 7F753C561FB3540C007AB2FA /* Project2 */;
			targetProxy = 7F753C6C1FB3540C007AB2FA /* PBXContainerItemProxy */;
		};
		7F753C781FB3540C007AB2FA /* PBXTargetDependency */ = {
			isa = PBXTargetDependency;
			target = 7F753C561FB3540C007AB2FA /* Project2 */;
			targetProxy = 7F753C771FB3540C007AB2FA /* PBXContainerItemProxy */;
		};
/* End PBXTargetDependency section */

/* Begin PBXVariantGroup section */
		7F753C5E1FB3540C007AB2FA /* Main.storyboard */ = {
			isa = PBXVariantGroup;
			children = (
				7F753C5F1FB3540C007AB2FA /* Base */,
			);
			name = Main.storyboard;
			sourceTree = "<group>";
		};
		7F753C631FB3540C007AB2FA /* LaunchScreen.storyboard */ = {
			isa = PBXVariantGroup;
			children = (
				7F753C641FB3540C007AB2FA /* Base */,
			);
			name = LaunchScreen.storyboard;
			sourceTree = "<group>";
		};
/* End PBXVariantGroup section */

/* Begin XCBuildConfiguration section */
		7F753C7D1FB3540C007AB2FA /* Debug */ = {
			isa = XCBuildConfiguration;
			buildSettings = {
				ALWAYS_SEARCH_USER_PATHS = NO;
				CLANG_ANALYZER_NONNULL = YES;
				CLANG_ANALYZER_NUMBER_OBJECT_CONVERSION = YES_AGGRESSIVE;
				CLANG_CXX_LANGUAGE_STANDARD = "gnu++0x";
				CLANG_CXX_LIBRARY = "libc++";
				CLANG_ENABLE_MODULES = YES;
				CLANG_ENABLE_OBJC_ARC = YES;
				CLANG_WARN_BOOL_CONVERSION = YES;
				CLANG_WARN_CONSTANT_CONVERSION = YES;
				CLANG_WARN_DIRECT_OBJC_ISA_USAGE = YES_ERROR;
				CLANG_WARN_DOCUMENTATION_COMMENTS = YES;
				CLANG_WARN_EMPTY_BODY = YES;
				CLANG_WARN_ENUM_CONVERSION = YES;
				CLANG_WARN_INFINITE_RECURSION = YES;
				CLANG_WARN_INT_CONVERSION = YES;
				CLANG_WARN_OBJC_ROOT_CLASS = YES_ERROR;
				CLANG_WARN_SUSPICIOUS_MOVE = YES;
				CLANG_WARN_UNREACHABLE_CODE = YES;
				CLANG_WARN__DUPLICATE_METHOD_MATCH = YES;
				"CODE_SIGN_IDENTITY[sdk=iphoneos*]" = "iPhone Developer";
				COPY_PHASE_STRIP = NO;
				DEBUG_INFORMATION_FORMAT = dwarf;
				ENABLE_STRICT_OBJC_MSGSEND = YES;
				ENABLE_TESTABILITY = YES;
				GCC_C_LANGUAGE_STANDARD = gnu99;
				GCC_DYNAMIC_NO_PIC = NO;
				GCC_NO_COMMON_BLOCKS = YES;
				GCC_OPTIMIZATION_LEVEL = 0;
				GCC_PREPROCESSOR_DEFINITIONS = (
					"DEBUG=1",
					"$(inherited)",
				);
				GCC_WARN_64_TO_32_BIT_CONVERSION = YES;
				GCC_WARN_ABOUT_RETURN_TYPE = YES_ERROR;
				GCC_WARN_UNDECLARED_SELECTOR = YES;
				GCC_WARN_UNINITIALIZED_AUTOS = YES_AGGRESSIVE;
				GCC_WARN_UNUSED_FUNCTION = YES;
				GCC_WARN_UNUSED_VARIABLE = YES;
				IPHONEOS_DEPLOYMENT_TARGET = 10.3;
				MTL_ENABLE_DEBUG_INFO = YES;
				ONLY_ACTIVE_ARCH = YES;
				SDKROOT = iphoneos;
				SWIFT_ACTIVE_COMPILATION_CONDITIONS = DEBUG;
				SWIFT_OPTIMIZATION_LEVEL = "-Onone";
				TARGETED_DEVICE_FAMILY = "1,2";
			};
			name = Debug;
		};
		7F753C7E1FB3540C007AB2FA /* Release */ = {
			isa = XCBuildConfiguration;
			buildSettings = {
				ALWAYS_SEARCH_USER_PATHS = NO;
				CLANG_ANALYZER_NONNULL = YES;
				CLANG_ANALYZER_NUMBER_OBJECT_CONVERSION = YES_AGGRESSIVE;
				CLANG_CXX_LANGUAGE_STANDARD = "gnu++0x";
				CLANG_CXX_LIBRARY = "libc++";
				CLANG_ENABLE_MODULES = YES;
				CLANG_ENABLE_OBJC_ARC = YES;
				CLANG_WARN_BOOL_CONVERSION = YES;
				CLANG_WARN_CONSTANT_CONVERSION = YES;
				CLANG_WARN_DIRECT_OBJC_ISA_USAGE = YES_ERROR;
				CLANG_WARN_DOCUMENTATION_COMMENTS = YES;
				CLANG_WARN_EMPTY_BODY = YES;
				CLANG_WARN_ENUM_CONVERSION = YES;
				CLANG_WARN_INFINITE_RECURSION = YES;
				CLANG_WARN_INT_CONVERSION = YES;
				CLANG_WARN_OBJC_ROOT_CLASS = YES_ERROR;
				CLANG_WARN_SUSPICIOUS_MOVE = YES;
				CLANG_WARN_UNREACHABLE_CODE = YES;
				CLANG_WARN__DUPLICATE_METHOD_MATCH = YES;
				"CODE_SIGN_IDENTITY[sdk=iphoneos*]" = "iPhone Developer";
				COPY_PHASE_STRIP = NO;
				DEBUG_INFORMATION_FORMAT = "dwarf-with-dsym";
				ENABLE_NS_ASSERTIONS = NO;
				ENABLE_STRICT_OBJC_MSGSEND = YES;
				GCC_C_LANGUAGE_STANDARD = gnu99;
				GCC_NO_COMMON_BLOCKS = YES;
				GCC_WARN_64_TO_32_BIT_CONVERSION = YES;
				GCC_WARN_ABOUT_RETURN_TYPE = YES_ERROR;
				GCC_WARN_UNDECLARED_SELECTOR = YES;
				GCC_WARN_UNINITIALIZED_AUTOS = YES_AGGRESSIVE;
				GCC_WARN_UNUSED_FUNCTION = YES;
				GCC_WARN_UNUSED_VARIABLE = YES;
				IPHONEOS_DEPLOYMENT_TARGET = 10.3;
				MTL_ENABLE_DEBUG_INFO = NO;
				SDKROOT = iphoneos;
				SWIFT_OPTIMIZATION_LEVEL = "-Owholemodule";
				TARGETED_DEVICE_FAMILY = "1,2";
				VALIDATE_PRODUCT = YES;
			};
			name = Release;
		};
		7F753C801FB3540C007AB2FA /* Debug */ = {
			isa = XCBuildConfiguration;
			buildSettings = {
				ASSETCATALOG_COMPILER_APPICON_NAME = AppIcon;
				INFOPLIST_FILE = Project2/Info.plist;
				LD_RUNPATH_SEARCH_PATHS = "$(inherited) @executable_path/Frameworks";
				PRODUCT_BUNDLE_IDENTIFIER = app.constanza.Project2;
				PRODUCT_NAME = "$(TARGET_NAME)";
				SWIFT_VERSION = 3.0;
			};
			name = Debug;
		};
		7F753C811FB3540C007AB2FA /* Release */ = {
			isa = XCBuildConfiguration;
			buildSettings = {
				ASSETCATALOG_COMPILER_APPICON_NAME = AppIcon;
				INFOPLIST_FILE = Project2/Info.plist;
				LD_RUNPATH_SEARCH_PATHS = "$(inherited) @executable_path/Frameworks";
				PRODUCT_BUNDLE_IDENTIFIER = app.constanza.Project2;
				PRODUCT_NAME = "$(TARGET_NAME)";
				SWIFT_VERSION = 3.0;
			};
			name = Release;
		};
		7F753C831FB3540C007AB2FA /* Debug */ = {
			isa = XCBuildConfiguration;
			buildSettings = {
				ALWAYS_EMBED_SWIFT_STANDARD_LIBRARIES = YES;
				BUNDLE_LOADER = "$(TEST_HOST)";
				INFOPLIST_FILE = Project2Tests/Info.plist;
				LD_RUNPATH_SEARCH_PATHS = "$(inherited) @executable_path/Frameworks @loader_path/Frameworks";
				PRODUCT_BUNDLE_IDENTIFIER = app.constanza.Project2Tests;
				PRODUCT_NAME = "$(TARGET_NAME)";
				SWIFT_VERSION = 3.0;
				TEST_HOST = "$(BUILT_PRODUCTS_DIR)/Project2.app/Project2";
			};
			name = Debug;
		};
		7F753C841FB3540C007AB2FA /* Release */ = {
			isa = XCBuildConfiguration;
			buildSettings = {
				ALWAYS_EMBED_SWIFT_STANDARD_LIBRARIES = YES;
				BUNDLE_LOADER = "$(TEST_HOST)";
				INFOPLIST_FILE = Project2Tests/Info.plist;
				LD_RUNPATH_SEARCH_PATHS = "$(inherited) @executable_path/Frameworks @loader_path/Frameworks";
				PRODUCT_BUNDLE_IDENTIFIER = app.constanza.Project2Tests;
				PRODUCT_NAME = "$(TARGET_NAME)";
				SWIFT_VERSION = 3.0;
				TEST_HOST = "$(BUILT_PRODUCTS_DIR)/Project2.app/Project2";
			};
			name = Release;
		};
		7F753C861FB3540C007AB2FA /* Debug */ = {
			isa = XCBuildConfiguration;
			buildSettings = {
				ALWAYS_EMBED_SWIFT_STANDARD_LIBRARIES = YES;
				INFOPLIST_FILE = Project2UITests/Info.plist;
				LD_RUNPATH_SEARCH_PATHS = "$(inherited) @executable_path/Frameworks @loader_path/Frameworks";
				PRODUCT_BUNDLE_IDENTIFIER = app.constanza.Project2UITests;
				PRODUCT_NAME = "$(TARGET_NAME)";
				SWIFT_VERSION = 3.0;
				TEST_TARGET_NAME = Project2;
			};
			name = Debug;
		};
		7F753C871FB3540C007AB2FA /* Release */ = {
			isa = XCBuildConfiguration;
			buildSettings = {
				ALWAYS_EMBED_SWIFT_STANDARD_LIBRARIES = YES;
				INFOPLIST_FILE = Project2UITests/Info.plist;
				LD_RUNPATH_SEARCH_PATHS = "$(inherited) @executable_path/Frameworks @loader_path/Frameworks";
				PRODUCT_BUNDLE_IDENTIFIER = app.constanza.Project2UITests;
				PRODUCT_NAME = "$(TARGET_NAME)";
				SWIFT_VERSION = 3.0;
				TEST_TARGET_NAME = Project2;
			};
			name = Release;
		};
/* End XCBuildConfiguration section */

/* Begin XCConfigurationList section */
		7F753C521FB3540C007AB2FA /* Build configuration list for PBXProject "Project2" */ = {
			isa = XCConfigurationList;
			buildConfigurations = (
				7F753C7D1FB3540C007AB2FA /* Debug */,
				7F753C7E1FB3540C007AB2FA /* Release */,
			);
			defaultConfigurationIsVisible = 0;
			defaultConfigurationName = Release;
		};
		7F753C7F1FB3540C007AB2FA /* Build configuration list for PBXNativeTarget "Project2" */ = {
			isa = XCConfigurationList;
			buildConfigurations = (
				7F753C801FB3540C007AB2FA /* Debug */,
				7F753C811FB3540C007AB2FA /* Release */,
			);
			defaultConfigurationIsVisible = 0;
			defaultConfigurationName = Release;
		};
		7F753C821FB3540C007AB2FA /* Build configuration list for PBXNativeTarget "Project2Tests" */ = {
			isa = XCConfigurationList;
			buildConfigurations = (
				7F753C831FB3540C007AB2FA /* Debug */,
				7F753C841FB3540C007AB2FA /* Release */,
			);
			defaultConfigurationIsVisible = 0;
			defaultConfigurationName = Release;
		};
		7F753C851FB3540C007AB2FA /* Build configuration list for PBXNativeTarget "Project2UITests" */ = {
			isa = XCConfigurationList;
			buildConfigurations = (
				7F753C861FB3540C007AB2FA /* Debug */,
				7F753C871FB3540C007AB2FA /* Release */,
			);
			defaultConfigurationIsVisible = 0;
			defaultConfigurationName = Release;
		};
/* End XCConfigurationList section */
	};
	rootObject = 7F753C4F1FB3540C007AB2FA /* Project object */;
}
